
Microsoft Visual Studio Solution File, Format Version 12.00
# Visual Studio Version 16
VisualStudioVersion = 16.0.31702.278
MinimumVisualStudioVersion = 10.0.40219.1
Project("{9A19103F-16F7-4668-BE54-9A1E7A4F7556}") = "Entities", "Entities\Entities.csproj", "{89F6C854-BF0A-4DD3-9F5A-EFE4B1CFD53B}"
EndProject
Project("{9A19103F-16F7-4668-BE54-9A1E7A4F7556}") = "Core", "Core\Core.csproj", "{61A9A8C8-EA62-40C8-8D44-807C3B4EDE21}"
EndProject
Project("{9A19103F-16F7-4668-BE54-9A1E7A4F7556}") = "DataAccess", "DataAccess\DataAccess.csproj", "{72E8FF01-D835-4FE7-8F21-642378826620}"
EndProject
Project("{9A19103F-16F7-4668-BE54-9A1E7A4F7556}") = "Business", "Business\Business.csproj", "{246DD163-CB1D-443A-92BD-538F433AC2F2}"
EndProject
Project("{FAE04EC0-301F-11D3-BF4B-00C04F79EFBC}") = "WindowsForm", "WindowsForm\WindowsForm.csproj", "{1C08CD70-0696-429D-82CB-8C9EF9542C26}"
EndProject
Global
	GlobalSection(SolutionConfigurationPlatforms) = preSolution
		Debug|Any CPU = Debug|Any CPU
		Release|Any CPU = Release|Any CPU
	EndGlobalSection
	GlobalSection(ProjectConfigurationPlatforms) = postSolution
		{89F6C854-BF0A-4DD3-9F5A-EFE4B1CFD53B}.Debug|Any CPU.ActiveCfg = Debug|Any CPU
		{89F6C854-BF0A-4DD3-9F5A-EFE4B1CFD53B}.Debug|Any CPU.Build.0 = Debug|Any CPU
		{89F6C854-BF0A-4DD3-9F5A-EFE4B1CFD53B}.Release|Any CPU.ActiveCfg = Release|Any CPU
		{89F6C854-BF0A-4DD3-9F5A-EFE4B1CFD53B}.Release|Any CPU.Build.0 = Release|Any CPU
		{61A9A8C8-EA62-40C8-8D44-807C3B4EDE21}.Debug|Any CPU.ActiveCfg = Debug|Any CPU
		{61A9A8C8-EA62-40C8-8D44-807C3B4EDE21}.Debug|Any CPU.Build.0 = Debug|Any CPU
		{61A9A8C8-EA62-40C8-8D44-807C3B4EDE21}.Release|Any CPU.ActiveCfg = Release|Any CPU
		{61A9A8C8-EA62-40C8-8D44-807C3B4EDE21}.Release|Any CPU.Build.0 = Release|Any CPU
		{72E8FF01-D835-4FE7-8F21-642378826620}.Debug|Any CPU.ActiveCfg = Debug|Any CPU
		{72E8FF01-D835-4FE7-8F21-642378826620}.Debug|Any CPU.Build.0 = Debug|Any CPU
		{72E8FF01-D835-4FE7-8F21-642378826620}.Release|Any CPU.ActiveCfg = Release|Any CPU
		{72E8FF01-D835-4FE7-8F21-642378826620}.Release|Any CPU.Build.0 = Release|Any CPU
		{246DD163-CB1D-443A-92BD-538F433AC2F2}.Debug|Any CPU.ActiveCfg = Debug|Any CPU
		{246DD163-CB1D-443A-92BD-538F433AC2F2}.Debug|Any CPU.Build.0 = Debug|Any CPU
		{246DD163-CB1D-443A-92BD-538F433AC2F2}.Release|Any CPU.ActiveCfg = Release|Any CPU
		{246DD163-CB1D-443A-92BD-538F433AC2F2}.Release|Any CPU.Build.0 = Release|Any CPU
		{1C08CD70-0696-429D-82CB-8C9EF9542C26}.Debug|Any CPU.ActiveCfg = Debug|Any CPU
		{1C08CD70-0696-429D-82CB-8C9EF9542C26}.Debug|Any CPU.Build.0 = Debug|Any CPU
		{1C08CD70-0696-429D-82CB-8C9EF9542C26}.Release|Any CPU.ActiveCfg = Release|Any CPU
		{1C08CD70-0696-429D-82CB-8C9EF9542C26}.Release|Any CPU.Build.0 = Release|Any CPU
	EndGlobalSection
	GlobalSection(SolutionProperties) = preSolution
		HideSolutionNode = FALSE
	EndGlobalSection
	GlobalSection(ExtensibilityGlobals) = postSolution
		SolutionGuid = {996EEC85-BB80-420F-8040-0984DC8F2112}
	EndGlobalSection
EndGlobal
